
Microsoft Visual Studio Solution File, Format Version 12.00
# Visual Studio Version 17
VisualStudioVersion = 17.10.34607.79
MinimumVisualStudioVersion = 10.0.40219.1
Project("{FAE04EC0-301F-11D3-BF4B-00C04F79EFBC}") = "_02_Variables", "_02_Variables\_02_Variables.csproj", "{A05D114D-0123-4621-A9CF-6D7122B271B3}"
EndProject
Project("{FAE04EC0-301F-11D3-BF4B-00C04F79EFBC}") = "_01_Main_Subjects", "_01_Main_Subjects\_01_Main_Subjects.csproj", "{E9F1BD29-60DA-4B32-91DB-9E94AFEEFB91}"
EndProject
Project("{FAE04EC0-301F-11D3-BF4B-00C04F79EFBC}") = "_03_MakingDecision", "_03_MakingDecision\_03_MakingDecision.csproj", "{877CBDA6-8E4A-4909-9D8E-7BA1660806A6}"
EndProject
Project("{FAE04EC0-301F-11D3-BF4B-00C04F79EFBC}") = "_04_Loops", "_04_Loops\_04_Loops.csproj", "{BDF3FFC5-1C36-4894-98EA-3B485C9AD6FB}"
EndProject
Project("{FAE04EC0-301F-11D3-BF4B-00C04F79EFBC}") = "_05_LoopsWithStars", "_05_LoopsWithStars\_05_LoopsWithStars.csproj", "{CCB47D86-76AB-4CD8-B033-F9CC9988D5B3}"
EndProject
Project("{FAE04EC0-301F-11D3-BF4B-00C04F79EFBC}") = "_06_Arrays", "_06_Arrays\_06_Arrays.csproj", "{6CFD2C80-7A47-453B-9EA2-860470EBB47E}"
EndProject
Project("{FAE04EC0-301F-11D3-BF4B-00C04F79EFBC}") = "_07_ForeachLoop", "_07_ForeachLoop\_07_ForeachLoop.csproj", "{792705BA-BB4F-45C6-94B4-91A60DCC8B44}"
EndProject
Project("{FAE04EC0-301F-11D3-BF4B-00C04F79EFBC}") = "_08_Methods", "_08_Methods\_08_Methods.csproj", "{7A217704-3551-4797-ACF7-C603F261E77E}"
EndProject
Project("{FAE04EC0-301F-11D3-BF4B-00C04F79EFBC}") = "09_DatabaseProject", "09_DatabaseProject\09_DatabaseProject.csproj", "{56DA1F57-C2A0-4254-97AB-FFFC1869FF1F}"
EndProject
Project("{FAE04EC0-301F-11D3-BF4B-00C04F79EFBC}") = "10_DatabaseCrud", "10_DatabaseCroud\10_DatabaseCrud.csproj", "{BA94D1A0-7454-4A4B-9BB1-3E018A4F73E2}"
EndProject
Global
	GlobalSection(SolutionConfigurationPlatforms) = preSolution
		Debug|Any CPU = Debug|Any CPU
		Release|Any CPU = Release|Any CPU
	EndGlobalSection
	GlobalSection(ProjectConfigurationPlatforms) = postSolution
		{A05D114D-0123-4621-A9CF-6D7122B271B3}.Debug|Any CPU.ActiveCfg = Debug|Any CPU
		{A05D114D-0123-4621-A9CF-6D7122B271B3}.Debug|Any CPU.Build.0 = Debug|Any CPU
		{A05D114D-0123-4621-A9CF-6D7122B271B3}.Release|Any CPU.ActiveCfg = Release|Any CPU
		{A05D114D-0123-4621-A9CF-6D7122B271B3}.Release|Any CPU.Build.0 = Release|Any CPU
		{E9F1BD29-60DA-4B32-91DB-9E94AFEEFB91}.Debug|Any CPU.ActiveCfg = Debug|Any CPU
		{E9F1BD29-60DA-4B32-91DB-9E94AFEEFB91}.Debug|Any CPU.Build.0 = Debug|Any CPU
		{E9F1BD29-60DA-4B32-91DB-9E94AFEEFB91}.Release|Any CPU.ActiveCfg = Release|Any CPU
		{E9F1BD29-60DA-4B32-91DB-9E94AFEEFB91}.Release|Any CPU.Build.0 = Release|Any CPU
		{877CBDA6-8E4A-4909-9D8E-7BA1660806A6}.Debug|Any CPU.ActiveCfg = Debug|Any CPU
		{877CBDA6-8E4A-4909-9D8E-7BA1660806A6}.Debug|Any CPU.Build.0 = Debug|Any CPU
		{877CBDA6-8E4A-4909-9D8E-7BA1660806A6}.Release|Any CPU.ActiveCfg = Release|Any CPU
		{877CBDA6-8E4A-4909-9D8E-7BA1660806A6}.Release|Any CPU.Build.0 = Release|Any CPU
		{BDF3FFC5-1C36-4894-98EA-3B485C9AD6FB}.Debug|Any CPU.ActiveCfg = Debug|Any CPU
		{BDF3FFC5-1C36-4894-98EA-3B485C9AD6FB}.Debug|Any CPU.Build.0 = Debug|Any CPU
		{BDF3FFC5-1C36-4894-98EA-3B485C9AD6FB}.Release|Any CPU.ActiveCfg = Release|Any CPU
		{BDF3FFC5-1C36-4894-98EA-3B485C9AD6FB}.Release|Any CPU.Build.0 = Release|Any CPU
		{CCB47D86-76AB-4CD8-B033-F9CC9988D5B3}.Debug|Any CPU.ActiveCfg = Debug|Any CPU
		{CCB47D86-76AB-4CD8-B033-F9CC9988D5B3}.Debug|Any CPU.Build.0 = Debug|Any CPU
		{CCB47D86-76AB-4CD8-B033-F9CC9988D5B3}.Release|Any CPU.ActiveCfg = Release|Any CPU
		{CCB47D86-76AB-4CD8-B033-F9CC9988D5B3}.Release|Any CPU.Build.0 = Release|Any CPU
		{6CFD2C80-7A47-453B-9EA2-860470EBB47E}.Debug|Any CPU.ActiveCfg = Debug|Any CPU
		{6CFD2C80-7A47-453B-9EA2-860470EBB47E}.Debug|Any CPU.Build.0 = Debug|Any CPU
		{6CFD2C80-7A47-453B-9EA2-860470EBB47E}.Release|Any CPU.ActiveCfg = Release|Any CPU
		{6CFD2C80-7A47-453B-9EA2-860470EBB47E}.Release|Any CPU.Build.0 = Release|Any CPU
		{792705BA-BB4F-45C6-94B4-91A60DCC8B44}.Debug|Any CPU.ActiveCfg = Debug|Any CPU
		{792705BA-BB4F-45C6-94B4-91A60DCC8B44}.Debug|Any CPU.Build.0 = Debug|Any CPU
		{792705BA-BB4F-45C6-94B4-91A60DCC8B44}.Release|Any CPU.ActiveCfg = Release|Any CPU
		{792705BA-BB4F-45C6-94B4-91A60DCC8B44}.Release|Any CPU.Build.0 = Release|Any CPU
		{7A217704-3551-4797-ACF7-C603F261E77E}.Debug|Any CPU.ActiveCfg = Debug|Any CPU
		{7A217704-3551-4797-ACF7-C603F261E77E}.Debug|Any CPU.Build.0 = Debug|Any CPU
		{7A217704-3551-4797-ACF7-C603F261E77E}.Release|Any CPU.ActiveCfg = Release|Any CPU
		{7A217704-3551-4797-ACF7-C603F261E77E}.Release|Any CPU.Build.0 = Release|Any CPU
		{56DA1F57-C2A0-4254-97AB-FFFC1869FF1F}.Debug|Any CPU.ActiveCfg = Debug|Any CPU
		{56DA1F57-C2A0-4254-97AB-FFFC1869FF1F}.Debug|Any CPU.Build.0 = Debug|Any CPU
		{56DA1F57-C2A0-4254-97AB-FFFC1869FF1F}.Release|Any CPU.ActiveCfg = Release|Any CPU
		{56DA1F57-C2A0-4254-97AB-FFFC1869FF1F}.Release|Any CPU.Build.0 = Release|Any CPU
		{BA94D1A0-7454-4A4B-9BB1-3E018A4F73E2}.Debug|Any CPU.ActiveCfg = Debug|Any CPU
		{BA94D1A0-7454-4A4B-9BB1-3E018A4F73E2}.Debug|Any CPU.Build.0 = Debug|Any CPU
		{BA94D1A0-7454-4A4B-9BB1-3E018A4F73E2}.Release|Any CPU.ActiveCfg = Release|Any CPU
		{BA94D1A0-7454-4A4B-9BB1-3E018A4F73E2}.Release|Any CPU.Build.0 = Release|Any CPU
	EndGlobalSection
	GlobalSection(SolutionProperties) = preSolution
		HideSolutionNode = FALSE
	EndGlobalSection
	GlobalSection(ExtensibilityGlobals) = postSolution
		SolutionGuid = {31731B64-C8AA-411D-82F5-33E2E7433938}
	EndGlobalSection
EndGlobal
